
Microsoft Visual Studio Solution File, Format Version 12.00
# Visual Studio Version 17
VisualStudioVersion = 17.2.32616.157
MinimumVisualStudioVersion = 10.0.40219.1
Project("{FAE04EC0-301F-11D3-BF4B-00C04F79EFBC}") = "Q20", "Q20\Q20.csproj", "{B44E9859-97B2-4A44-8388-6352C1370C04}"
EndProject
Global
	GlobalSection(SolutionConfigurationPlatforms) = preSolution
		Debug|Any CPU = Debug|Any CPU
		Release|Any CPU = Release|Any CPU
	EndGlobalSection
	GlobalSection(ProjectConfigurationPlatforms) = postSolution
		{B44E9859-97B2-4A44-8388-6352C1370C04}.Debug|Any CPU.ActiveCfg = Debug|Any CPU
		{B44E9859-97B2-4A44-8388-6352C1370C04}.Debug|Any CPU.Build.0 = Debug|Any CPU
		{B44E9859-97B2-4A44-8388-6352C1370C04}.Release|Any CPU.ActiveCfg = Release|Any CPU
		{B44E9859-97B2-4A44-8388-6352C1370C04}.Release|Any CPU.Build.0 = Release|Any CPU
	EndGlobalSection
	GlobalSection(SolutionProperties) = preSolution
		HideSolutionNode = FALSE
	EndGlobalSection
	GlobalSection(ExtensibilityGlobals) = postSolution
		SolutionGuid = {D8D7DF42-11CC-4D42-89DA-A7E81010B214}
	EndGlobalSection
EndGlobal
