
Microsoft Visual Studio Solution File, Format Version 12.00
# Visual Studio Version 17
VisualStudioVersion = 17.6.33829.357
MinimumVisualStudioVersion = 10.0.40219.1
Project("{FAE04EC0-301F-11D3-BF4B-00C04F79EFBC}") = "08", "08.csproj", "{65A0DEA0-D307-4D01-97B9-9D457DD32A4D}"
EndProject
Global
	GlobalSection(SolutionConfigurationPlatforms) = preSolution
		Debug|Any CPU = Debug|Any CPU
		Release|Any CPU = Release|Any CPU
	EndGlobalSection
	GlobalSection(ProjectConfigurationPlatforms) = postSolution
		{65A0DEA0-D307-4D01-97B9-9D457DD32A4D}.Debug|Any CPU.ActiveCfg = Debug|Any CPU
		{65A0DEA0-D307-4D01-97B9-9D457DD32A4D}.Debug|Any CPU.Build.0 = Debug|Any CPU
		{65A0DEA0-D307-4D01-97B9-9D457DD32A4D}.Release|Any CPU.ActiveCfg = Release|Any CPU
		{65A0DEA0-D307-4D01-97B9-9D457DD32A4D}.Release|Any CPU.Build.0 = Release|Any CPU
	EndGlobalSection
	GlobalSection(SolutionProperties) = preSolution
		HideSolutionNode = FALSE
	EndGlobalSection
	GlobalSection(ExtensibilityGlobals) = postSolution
		SolutionGuid = {5BDEF2AE-28DC-444E-8E7E-B22D2A07D5BD}
	EndGlobalSection
EndGlobal
