
Microsoft Visual Studio Solution File, Format Version 12.00
# Visual Studio Version 17
VisualStudioVersion = 17.11.35431.28
MinimumVisualStudioVersion = 10.0.40219.1
Project("{FAE04EC0-301F-11D3-BF4B-00C04F79EFBC}") = "Q06", "Q06.csproj", "{A2DBB528-B4F5-4DC1-81ED-9C0C17467849}"
EndProject
Global
	GlobalSection(SolutionConfigurationPlatforms) = preSolution
		Debug|Any CPU = Debug|Any CPU
		Release|Any CPU = Release|Any CPU
	EndGlobalSection
	GlobalSection(ProjectConfigurationPlatforms) = postSolution
		{A2DBB528-B4F5-4DC1-81ED-9C0C17467849}.Debug|Any CPU.ActiveCfg = Debug|Any CPU
		{A2DBB528-B4F5-4DC1-81ED-9C0C17467849}.Debug|Any CPU.Build.0 = Debug|Any CPU
		{A2DBB528-B4F5-4DC1-81ED-9C0C17467849}.Release|Any CPU.ActiveCfg = Release|Any CPU
		{A2DBB528-B4F5-4DC1-81ED-9C0C17467849}.Release|Any CPU.Build.0 = Release|Any CPU
	EndGlobalSection
	GlobalSection(SolutionProperties) = preSolution
		HideSolutionNode = FALSE
	EndGlobalSection
	GlobalSection(ExtensibilityGlobals) = postSolution
		SolutionGuid = {FC24E40D-42AC-4C1C-8B61-6458D2AA89D7}
	EndGlobalSection
EndGlobal
