
Microsoft Visual Studio Solution File, Format Version 12.00
# Visual Studio Version 17
VisualStudioVersion = 17.2.32616.157
MinimumVisualStudioVersion = 10.0.40219.1
Project("{FAE04EC0-301F-11D3-BF4B-00C04F79EFBC}") = "Q10", "Q10\Q10.csproj", "{8B726B00-993A-4879-9CB5-7501B350E056}"
EndProject
Global
	GlobalSection(SolutionConfigurationPlatforms) = preSolution
		Debug|Any CPU = Debug|Any CPU
		Release|Any CPU = Release|Any CPU
	EndGlobalSection
	GlobalSection(ProjectConfigurationPlatforms) = postSolution
		{8B726B00-993A-4879-9CB5-7501B350E056}.Debug|Any CPU.ActiveCfg = Debug|Any CPU
		{8B726B00-993A-4879-9CB5-7501B350E056}.Debug|Any CPU.Build.0 = Debug|Any CPU
		{8B726B00-993A-4879-9CB5-7501B350E056}.Release|Any CPU.ActiveCfg = Release|Any CPU
		{8B726B00-993A-4879-9CB5-7501B350E056}.Release|Any CPU.Build.0 = Release|Any CPU
	EndGlobalSection
	GlobalSection(SolutionProperties) = preSolution
		HideSolutionNode = FALSE
	EndGlobalSection
	GlobalSection(ExtensibilityGlobals) = postSolution
		SolutionGuid = {D4C11084-7D77-4B13-88B4-EAEDDDED79AC}
	EndGlobalSection
EndGlobal
